// !$*UTF8*$!
{
	archiveVersion = 1;
	classes = {
	};
	objectVersion = 50;
	objects = {

/* Begin PBXBuildFile section */
		01787FFA20BF27250043074F /* NSFRCDelegate.swift in Sources */ = {isa = PBXBuildFile; fileRef = 01787FF920BF27250043074F /* NSFRCDelegate.swift */; };
		01787FFD20BF3D3B0043074F /* DeckTableViewCell.swift in Sources */ = {isa = PBXBuildFile; fileRef = 01787FFC20BF3D3B0043074F /* DeckTableViewCell.swift */; };
		01BE538E20BA233F006C992F /* MuseTests.swift in Sources */ = {isa = PBXBuildFile; fileRef = 01BE538D20BA233F006C992F /* MuseTests.swift */; };
		01BE539920BA233F006C992F /* MuseUITests.swift in Sources */ = {isa = PBXBuildFile; fileRef = 01BE539820BA233F006C992F /* MuseUITests.swift */; };
		01CCEF4120BDB3B6008FAEF9 /* Theme.swift in Sources */ = {isa = PBXBuildFile; fileRef = 01CCEF4020BDB3B6008FAEF9 /* Theme.swift */; };
		01D1FB1320BC803900A6C400 /* Constants.swift in Sources */ = {isa = PBXBuildFile; fileRef = 01D1FB1120BC803900A6C400 /* Constants.swift */; };
		01D1FB1420BC803900A6C400 /* Utility.swift in Sources */ = {isa = PBXBuildFile; fileRef = 01D1FB1220BC803900A6C400 /* Utility.swift */; };
		01D1FB2620BC804C00A6C400 /* MuseListTableViewController.swift in Sources */ = {isa = PBXBuildFile; fileRef = 01D1FB1620BC804C00A6C400 /* MuseListTableViewController.swift */; };
		01D1FB2720BC804C00A6C400 /* CoreDataStack.swift in Sources */ = {isa = PBXBuildFile; fileRef = 01D1FB1820BC804C00A6C400 /* CoreDataStack.swift */; };
		01D1FB2820BC804C00A6C400 /* Muse.xcdatamodeld in Sources */ = {isa = PBXBuildFile; fileRef = 01D1FB1920BC804C00A6C400 /* Muse.xcdatamodeld */; };
		01D1FB2920BC804C00A6C400 /* SignInVC.swift in Sources */ = {isa = PBXBuildFile; fileRef = 01D1FB1C20BC804C00A6C400 /* SignInVC.swift */; };
		01D1FB2A20BC804C00A6C400 /* DeckTableViewController.swift in Sources */ = {isa = PBXBuildFile; fileRef = 01D1FB1E20BC804C00A6C400 /* DeckTableViewController.swift */; };
		01D1FB2B20BC804C00A6C400 /* Assets.xcassets in Resources */ = {isa = PBXBuildFile; fileRef = 01D1FB2020BC804C00A6C400 /* Assets.xcassets */; };
		01D1FB2C20BC804C00A6C400 /* LaunchScreen.storyboard in Resources */ = {isa = PBXBuildFile; fileRef = 01D1FB2120BC804C00A6C400 /* LaunchScreen.storyboard */; };
		01D1FB2E20BC804C00A6C400 /* AppDelegate.swift in Sources */ = {isa = PBXBuildFile; fileRef = 01D1FB2520BC804C00A6C400 /* AppDelegate.swift */; };
/* End PBXBuildFile section */

/* Begin PBXContainerItemProxy section */
		01BE538A20BA233F006C992F /* PBXContainerItemProxy */ = {
			isa = PBXContainerItemProxy;
			containerPortal = 01BE536A20BA233D006C992F /* Project object */;
			proxyType = 1;
			remoteGlobalIDString = 01BE537120BA233D006C992F;
			remoteInfo = Muse;
		};
		01BE539520BA233F006C992F /* PBXContainerItemProxy */ = {
			isa = PBXContainerItemProxy;
			containerPortal = 01BE536A20BA233D006C992F /* Project object */;
			proxyType = 1;
			remoteGlobalIDString = 01BE537120BA233D006C992F;
			remoteInfo = Muse;
		};
/* End PBXContainerItemProxy section */

/* Begin PBXFileReference section */
		01787FF920BF27250043074F /* NSFRCDelegate.swift */ = {isa = PBXFileReference; lastKnownFileType = sourcecode.swift; path = NSFRCDelegate.swift; sourceTree = "<group>"; };
		01787FFC20BF3D3B0043074F /* DeckTableViewCell.swift */ = {isa = PBXFileReference; lastKnownFileType = sourcecode.swift; path = DeckTableViewCell.swift; sourceTree = "<group>"; };
		01BE537220BA233D006C992F /* Muse.app */ = {isa = PBXFileReference; explicitFileType = wrapper.application; includeInIndex = 0; path = Muse.app; sourceTree = BUILT_PRODUCTS_DIR; };
		01BE538420BA233E006C992F /* Info.plist */ = {isa = PBXFileReference; lastKnownFileType = text.plist.xml; path = Info.plist; sourceTree = "<group>"; };
		01BE538920BA233F006C992F /* Muse.app */ = {isa = PBXFileReference; explicitFileType = wrapper.cfbundle; includeInIndex = 0; name = Muse.app; path = MuseTests.xctest; sourceTree = BUILT_PRODUCTS_DIR; };
		01BE538D20BA233F006C992F /* MuseTests.swift */ = {isa = PBXFileReference; lastKnownFileType = sourcecode.swift; path = MuseTests.swift; sourceTree = "<group>"; };
		01BE538F20BA233F006C992F /* Info.plist */ = {isa = PBXFileReference; lastKnownFileType = text.plist.xml; path = Info.plist; sourceTree = "<group>"; };
		01BE539420BA233F006C992F /* MuseUITests.xctest */ = {isa = PBXFileReference; explicitFileType = wrapper.cfbundle; includeInIndex = 0; path = MuseUITests.xctest; sourceTree = BUILT_PRODUCTS_DIR; };
		01BE539820BA233F006C992F /* MuseUITests.swift */ = {isa = PBXFileReference; lastKnownFileType = sourcecode.swift; path = MuseUITests.swift; sourceTree = "<group>"; };
		01BE539A20BA233F006C992F /* Info.plist */ = {isa = PBXFileReference; lastKnownFileType = text.plist.xml; path = Info.plist; sourceTree = "<group>"; };
		01CCEF4020BDB3B6008FAEF9 /* Theme.swift */ = {isa = PBXFileReference; lastKnownFileType = sourcecode.swift; path = Theme.swift; sourceTree = "<group>"; };
		01D1FB1120BC803900A6C400 /* Constants.swift */ = {isa = PBXFileReference; fileEncoding = 4; lastKnownFileType = sourcecode.swift; path = Constants.swift; sourceTree = "<group>"; };
		01D1FB1220BC803900A6C400 /* Utility.swift */ = {isa = PBXFileReference; fileEncoding = 4; lastKnownFileType = sourcecode.swift; path = Utility.swift; sourceTree = "<group>"; };
		01D1FB1620BC804C00A6C400 /* MuseListTableViewController.swift */ = {isa = PBXFileReference; fileEncoding = 4; lastKnownFileType = sourcecode.swift; path = MuseListTableViewController.swift; sourceTree = "<group>"; };
		01D1FB1820BC804C00A6C400 /* CoreDataStack.swift */ = {isa = PBXFileReference; fileEncoding = 4; lastKnownFileType = sourcecode.swift; path = CoreDataStack.swift; sourceTree = "<group>"; };
		01D1FB1A20BC804C00A6C400 /* Muse.xcdatamodel */ = {isa = PBXFileReference; lastKnownFileType = wrapper.xcdatamodel; path = Muse.xcdatamodel; sourceTree = "<group>"; };
		01D1FB1C20BC804C00A6C400 /* SignInVC.swift */ = {isa = PBXFileReference; fileEncoding = 4; lastKnownFileType = sourcecode.swift; path = SignInVC.swift; sourceTree = "<group>"; };
		01D1FB1E20BC804C00A6C400 /* DeckTableViewController.swift */ = {isa = PBXFileReference; fileEncoding = 4; lastKnownFileType = sourcecode.swift; path = DeckTableViewController.swift; sourceTree = "<group>"; };
		01D1FB2020BC804C00A6C400 /* Assets.xcassets */ = {isa = PBXFileReference; lastKnownFileType = folder.assetcatalog; path = Assets.xcassets; sourceTree = "<group>"; };
		01D1FB2220BC804C00A6C400 /* Base */ = {isa = PBXFileReference; lastKnownFileType = file.storyboard; name = Base; path = Base.lproj/LaunchScreen.storyboard; sourceTree = "<group>"; };
		01D1FB2520BC804C00A6C400 /* AppDelegate.swift */ = {isa = PBXFileReference; fileEncoding = 4; lastKnownFileType = sourcecode.swift; path = AppDelegate.swift; sourceTree = "<group>"; };
/* End PBXFileReference section */

/* Begin PBXFrameworksBuildPhase section */
		01BE536F20BA233D006C992F /* Frameworks */ = {
			isa = PBXFrameworksBuildPhase;
			buildActionMask = 2147483647;
			files = (
			);
			runOnlyForDeploymentPostprocessing = 0;
		};
		01BE538620BA233F006C992F /* Frameworks */ = {
			isa = PBXFrameworksBuildPhase;
			buildActionMask = 2147483647;
			files = (
			);
			runOnlyForDeploymentPostprocessing = 0;
		};
		01BE539120BA233F006C992F /* Frameworks */ = {
			isa = PBXFrameworksBuildPhase;
			buildActionMask = 2147483647;
			files = (
			);
			runOnlyForDeploymentPostprocessing = 0;
		};
/* End PBXFrameworksBuildPhase section */

/* Begin PBXGroup section */
		01787FFB20BF3D1F0043074F /* Table Cells */ = {
			isa = PBXGroup;
			children = (
				01787FFC20BF3D3B0043074F /* DeckTableViewCell.swift */,
			);
			path = "Table Cells";
			sourceTree = "<group>";
		};
		01BE536920BA233D006C992F = {
			isa = PBXGroup;
			children = (
				01BE537420BA233D006C992F /* Muse */,
				01BE538C20BA233F006C992F /* MuseTests */,
				01BE539720BA233F006C992F /* MuseUITests */,
				01BE537320BA233D006C992F /* Products */,
			);
			sourceTree = "<group>";
		};
		01BE537320BA233D006C992F /* Products */ = {
			isa = PBXGroup;
			children = (
				01BE537220BA233D006C992F /* Muse.app */,
				01BE538920BA233F006C992F /* Muse.app */,
				01BE539420BA233F006C992F /* MuseUITests.xctest */,
			);
			name = Products;
			sourceTree = "<group>";
		};
		01BE537420BA233D006C992F /* Muse */ = {
			isa = PBXGroup;
			children = (
				01D1FB2520BC804C00A6C400 /* AppDelegate.swift */,
				01D1FB1720BC804C00A6C400 /* Data Model */,
				01D1FB1B20BC804C00A6C400 /* Login */,
				01D1FB1D20BC804C00A6C400 /* Muse Deck List */,
				01D1FB1520BC804C00A6C400 /* MuseList */,
				01D1FB1F20BC804C00A6C400 /* Project Files */,
				01D1FB1020BC803900A6C400 /* Accessory */,
				01BE538420BA233E006C992F /* Info.plist */,
			);
			path = Muse;
			sourceTree = "<group>";
		};
		01BE538C20BA233F006C992F /* MuseTests */ = {
			isa = PBXGroup;
			children = (
				01BE538D20BA233F006C992F /* MuseTests.swift */,
				01BE538F20BA233F006C992F /* Info.plist */,
			);
			path = MuseTests;
			sourceTree = "<group>";
		};
		01BE539720BA233F006C992F /* MuseUITests */ = {
			isa = PBXGroup;
			children = (
				01BE539820BA233F006C992F /* MuseUITests.swift */,
				01BE539A20BA233F006C992F /* Info.plist */,
			);
			path = MuseUITests;
			sourceTree = "<group>";
		};
		01D1FB1020BC803900A6C400 /* Accessory */ = {
			isa = PBXGroup;
			children = (
				01D1FB1120BC803900A6C400 /* Constants.swift */,
				01D1FB1220BC803900A6C400 /* Utility.swift */,
				01CCEF4020BDB3B6008FAEF9 /* Theme.swift */,
			);
			path = Accessory;
			sourceTree = "<group>";
		};
		01D1FB1520BC804C00A6C400 /* MuseList */ = {
			isa = PBXGroup;
			children = (
				01D1FB1620BC804C00A6C400 /* MuseListTableViewController.swift */,
			);
			path = MuseList;
			sourceTree = "<group>";
		};
		01D1FB1720BC804C00A6C400 /* Data Model */ = {
			isa = PBXGroup;
			children = (
				01D1FB1820BC804C00A6C400 /* CoreDataStack.swift */,
				01D1FB1920BC804C00A6C400 /* Muse.xcdatamodeld */,
			);
			path = "Data Model";
			sourceTree = "<group>";
		};
		01D1FB1B20BC804C00A6C400 /* Login */ = {
			isa = PBXGroup;
			children = (
				01D1FB1C20BC804C00A6C400 /* SignInVC.swift */,
			);
			path = Login;
			sourceTree = "<group>";
		};
		01D1FB1D20BC804C00A6C400 /* Muse Deck List */ = {
			isa = PBXGroup;
			children = (
				01D1FB1E20BC804C00A6C400 /* DeckTableViewController.swift */,
				01787FF920BF27250043074F /* NSFRCDelegate.swift */,
				01787FFB20BF3D1F0043074F /* Table Cells */,
			);
			path = "Muse Deck List";
			sourceTree = "<group>";
		};
		01D1FB1F20BC804C00A6C400 /* Project Files */ = {
			isa = PBXGroup;
			children = (
				01D1FB2020BC804C00A6C400 /* Assets.xcassets */,
				01D1FB2120BC804C00A6C400 /* LaunchScreen.storyboard */,
			);
			path = "Project Files";
			sourceTree = "<group>";
		};
/* End PBXGroup section */

/* Begin PBXNativeTarget section */
		01BE537120BA233D006C992F /* Muse */ = {
			isa = PBXNativeTarget;
			buildConfigurationList = 01BE539D20BA233F006C992F /* Build configuration list for PBXNativeTarget "Muse" */;
			buildPhases = (
				01BE536E20BA233D006C992F /* Sources */,
				01BE536F20BA233D006C992F /* Frameworks */,
				01BE537020BA233D006C992F /* Resources */,
			);
			buildRules = (
			);
			dependencies = (
			);
			name = Muse;
			productName = Muse;
			productReference = 01BE537220BA233D006C992F /* Muse.app */;
			productType = "com.apple.product-type.application";
		};
		01BE538820BA233F006C992F /* MuseTests */ = {
			isa = PBXNativeTarget;
			buildConfigurationList = 01BE53A020BA233F006C992F /* Build configuration list for PBXNativeTarget "MuseTests" */;
			buildPhases = (
				01BE538520BA233F006C992F /* Sources */,
				01BE538620BA233F006C992F /* Frameworks */,
				01BE538720BA233F006C992F /* Resources */,
			);
			buildRules = (
			);
			dependencies = (
				01BE538B20BA233F006C992F /* PBXTargetDependency */,
			);
			name = MuseTests;
			productName = MuseTests;
			productReference = 01BE538920BA233F006C992F /* Muse.app */;
			productType = "com.apple.product-type.bundle.unit-test";
		};
		01BE539320BA233F006C992F /* MuseUITests */ = {
			isa = PBXNativeTarget;
			buildConfigurationList = 01BE53A320BA233F006C992F /* Build configuration list for PBXNativeTarget "MuseUITests" */;
			buildPhases = (
				01BE539020BA233F006C992F /* Sources */,
				01BE539120BA233F006C992F /* Frameworks */,
				01BE539220BA233F006C992F /* Resources */,
			);
			buildRules = (
			);
			dependencies = (
				01BE539620BA233F006C992F /* PBXTargetDependency */,
			);
			name = MuseUITests;
			productName = MuseUITests;
			productReference = 01BE539420BA233F006C992F /* MuseUITests.xctest */;
			productType = "com.apple.product-type.bundle.ui-testing";
		};
/* End PBXNativeTarget section */

/* Begin PBXProject section */
		01BE536A20BA233D006C992F /* Project object */ = {
			isa = PBXProject;
			attributes = {
				LastSwiftUpdateCheck = 0930;
				LastUpgradeCheck = 0930;
				ORGANIZATIONNAME = "Nicholas Rizzo";
				TargetAttributes = {
					01BE537120BA233D006C992F = {
						CreatedOnToolsVersion = 9.3.1;
					};
					01BE538820BA233F006C992F = {
						CreatedOnToolsVersion = 9.3.1;
						TestTargetID = 01BE537120BA233D006C992F;
					};
					01BE539320BA233F006C992F = {
						CreatedOnToolsVersion = 9.3.1;
						TestTargetID = 01BE537120BA233D006C992F;
					};
				};
			};
			buildConfigurationList = 01BE536D20BA233D006C992F /* Build configuration list for PBXProject "Muse" */;
			compatibilityVersion = "Xcode 9.3";
			developmentRegion = en;
			hasScannedForEncodings = 0;
			knownRegions = (
				en,
				Base,
			);
			mainGroup = 01BE536920BA233D006C992F;
			productRefGroup = 01BE537320BA233D006C992F /* Products */;
			projectDirPath = "";
			projectRoot = "";
			targets = (
				01BE537120BA233D006C992F /* Muse */,
				01BE538820BA233F006C992F /* MuseTests */,
				01BE539320BA233F006C992F /* MuseUITests */,
			);
		};
/* End PBXProject section */

/* Begin PBXResourcesBuildPhase section */
		01BE537020BA233D006C992F /* Resources */ = {
			isa = PBXResourcesBuildPhase;
			buildActionMask = 2147483647;
			files = (
				01D1FB2C20BC804C00A6C400 /* LaunchScreen.storyboard in Resources */,
				01D1FB2B20BC804C00A6C400 /* Assets.xcassets in Resources */,
			);
			runOnlyForDeploymentPostprocessing = 0;
		};
		01BE538720BA233F006C992F /* Resources */ = {
			isa = PBXResourcesBuildPhase;
			buildActionMask = 2147483647;
			files = (
			);
			runOnlyForDeploymentPostprocessing = 0;
		};
		01BE539220BA233F006C992F /* Resources */ = {
			isa = PBXResourcesBuildPhase;
			buildActionMask = 2147483647;
			files = (
			);
			runOnlyForDeploymentPostprocessing = 0;
		};
/* End PBXResourcesBuildPhase section */

/* Begin PBXSourcesBuildPhase section */
		01BE536E20BA233D006C992F /* Sources */ = {
			isa = PBXSourcesBuildPhase;
			buildActionMask = 2147483647;
			files = (
				01CCEF4120BDB3B6008FAEF9 /* Theme.swift in Sources */,
				01D1FB2E20BC804C00A6C400 /* AppDelegate.swift in Sources */,
				01D1FB2920BC804C00A6C400 /* SignInVC.swift in Sources */,
				01D1FB1420BC803900A6C400 /* Utility.swift in Sources */,
				01D1FB2A20BC804C00A6C400 /* DeckTableViewController.swift in Sources */,
				01787FFA20BF27250043074F /* NSFRCDelegate.swift in Sources */,
				01D1FB2820BC804C00A6C400 /* Muse.xcdatamodeld in Sources */,
				01D1FB2620BC804C00A6C400 /* MuseListTableViewController.swift in Sources */,
				01787FFD20BF3D3B0043074F /* DeckTableViewCell.swift in Sources */,
				01D1FB1320BC803900A6C400 /* Constants.swift in Sources */,
				01D1FB2720BC804C00A6C400 /* CoreDataStack.swift in Sources */,
			);
			runOnlyForDeploymentPostprocessing = 0;
		};
		01BE538520BA233F006C992F /* Sources */ = {
			isa = PBXSourcesBuildPhase;
			buildActionMask = 2147483647;
			files = (
				01BE538E20BA233F006C992F /* MuseTests.swift in Sources */,
			);
			runOnlyForDeploymentPostprocessing = 0;
		};
		01BE539020BA233F006C992F /* Sources */ = {
			isa = PBXSourcesBuildPhase;
			buildActionMask = 2147483647;
			files = (
				01BE539920BA233F006C992F /* MuseUITests.swift in Sources */,
			);
			runOnlyForDeploymentPostprocessing = 0;
		};
/* End PBXSourcesBuildPhase section */

/* Begin PBXTargetDependency section */
		01BE538B20BA233F006C992F /* PBXTargetDependency */ = {
			isa = PBXTargetDependency;
			target = 01BE537120BA233D006C992F /* Muse */;
			targetProxy = 01BE538A20BA233F006C992F /* PBXContainerItemProxy */;
		};
		01BE539620BA233F006C992F /* PBXTargetDependency */ = {
			isa = PBXTargetDependency;
			target = 01BE537120BA233D006C992F /* Muse */;
			targetProxy = 01BE539520BA233F006C992F /* PBXContainerItemProxy */;
		};
/* End PBXTargetDependency section */

/* Begin PBXVariantGroup section */
		01D1FB2120BC804C00A6C400 /* LaunchScreen.storyboard */ = {
			isa = PBXVariantGroup;
			children = (
				01D1FB2220BC804C00A6C400 /* Base */,
			);
			name = LaunchScreen.storyboard;
			sourceTree = "<group>";
		};
/* End PBXVariantGroup section */

/* Begin XCBuildConfiguration section */
		01BE539B20BA233F006C992F /* Debug */ = {
			isa = XCBuildConfiguration;
			buildSettings = {
				ALWAYS_SEARCH_USER_PATHS = NO;
				CLANG_ANALYZER_NONNULL = YES;
				CLANG_ANALYZER_NUMBER_OBJECT_CONVERSION = YES_AGGRESSIVE;
				CLANG_CXX_LANGUAGE_STANDARD = "gnu++14";
				CLANG_CXX_LIBRARY = "libc++";
				CLANG_ENABLE_MODULES = YES;
				CLANG_ENABLE_OBJC_ARC = YES;
				CLANG_ENABLE_OBJC_WEAK = YES;
				CLANG_WARN_BLOCK_CAPTURE_AUTORELEASING = YES;
				CLANG_WARN_BOOL_CONVERSION = YES;
				CLANG_WARN_COMMA = YES;
				CLANG_WARN_CONSTANT_CONVERSION = YES;
				CLANG_WARN_DEPRECATED_OBJC_IMPLEMENTATIONS = YES;
				CLANG_WARN_DIRECT_OBJC_ISA_USAGE = YES_ERROR;
				CLANG_WARN_DOCUMENTATION_COMMENTS = YES;
				CLANG_WARN_EMPTY_BODY = YES;
				CLANG_WARN_ENUM_CONVERSION = YES;
				CLANG_WARN_INFINITE_RECURSION = YES;
				CLANG_WARN_INT_CONVERSION = YES;
				CLANG_WARN_NON_LITERAL_NULL_CONVERSION = YES;
				CLANG_WARN_OBJC_IMPLICIT_RETAIN_SELF = YES;
				CLANG_WARN_OBJC_LITERAL_CONVERSION = YES;
				CLANG_WARN_OBJC_ROOT_CLASS = YES_ERROR;
				CLANG_WARN_RANGE_LOOP_ANALYSIS = YES;
				CLANG_WARN_STRICT_PROTOTYPES = YES;
				CLANG_WARN_SUSPICIOUS_MOVE = YES;
				CLANG_WARN_UNGUARDED_AVAILABILITY = YES_AGGRESSIVE;
				CLANG_WARN_UNREACHABLE_CODE = YES;
				CLANG_WARN__DUPLICATE_METHOD_MATCH = YES;
				CODE_SIGN_IDENTITY = "iPhone Developer";
				COPY_PHASE_STRIP = NO;
				DEBUG_INFORMATION_FORMAT = dwarf;
				ENABLE_STRICT_OBJC_MSGSEND = YES;
				ENABLE_TESTABILITY = YES;
				GCC_C_LANGUAGE_STANDARD = gnu11;
				GCC_DYNAMIC_NO_PIC = NO;
				GCC_NO_COMMON_BLOCKS = YES;
				GCC_OPTIMIZATION_LEVEL = 0;
				GCC_PREPROCESSOR_DEFINITIONS = (
					"DEBUG=1",
					"$(inherited)",
				);
				GCC_WARN_64_TO_32_BIT_CONVERSION = YES;
				GCC_WARN_ABOUT_RETURN_TYPE = YES_ERROR;
				GCC_WARN_UNDECLARED_SELECTOR = YES;
				GCC_WARN_UNINITIALIZED_AUTOS = YES_AGGRESSIVE;
				GCC_WARN_UNUSED_FUNCTION = YES;
				GCC_WARN_UNUSED_VARIABLE = YES;
				IPHONEOS_DEPLOYMENT_TARGET = 11.3;
				MTL_ENABLE_DEBUG_INFO = YES;
				ONLY_ACTIVE_ARCH = YES;
				SDKROOT = iphoneos;
				SWIFT_ACTIVE_COMPILATION_CONDITIONS = DEBUG;
				SWIFT_OPTIMIZATION_LEVEL = "-Onone";
			};
			name = Debug;
		};
		01BE539C20BA233F006C992F /* Release */ = {
			isa = XCBuildConfiguration;
			buildSettings = {
				ALWAYS_SEARCH_USER_PATHS = NO;
				CLANG_ANALYZER_NONNULL = YES;
				CLANG_ANALYZER_NUMBER_OBJECT_CONVERSION = YES_AGGRESSIVE;
				CLANG_CXX_LANGUAGE_STANDARD = "gnu++14";
				CLANG_CXX_LIBRARY = "libc++";
				CLANG_ENABLE_MODULES = YES;
				CLANG_ENABLE_OBJC_ARC = YES;
				CLANG_ENABLE_OBJC_WEAK = YES;
				CLANG_WARN_BLOCK_CAPTURE_AUTORELEASING = YES;
				CLANG_WARN_BOOL_CONVERSION = YES;
				CLANG_WARN_COMMA = YES;
				CLANG_WARN_CONSTANT_CONVERSION = YES;
				CLANG_WARN_DEPRECATED_OBJC_IMPLEMENTATIONS = YES;
				CLANG_WARN_DIRECT_OBJC_ISA_USAGE = YES_ERROR;
				CLANG_WARN_DOCUMENTATION_COMMENTS = YES;
				CLANG_WARN_EMPTY_BODY = YES;
				CLANG_WARN_ENUM_CONVERSION = YES;
				CLANG_WARN_INFINITE_RECURSION = YES;
				CLANG_WARN_INT_CONVERSION = YES;
				CLANG_WARN_NON_LITERAL_NULL_CONVERSION = YES;
				CLANG_WARN_OBJC_IMPLICIT_RETAIN_SELF = YES;
				CLANG_WARN_OBJC_LITERAL_CONVERSION = YES;
				CLANG_WARN_OBJC_ROOT_CLASS = YES_ERROR;
				CLANG_WARN_RANGE_LOOP_ANALYSIS = YES;
				CLANG_WARN_STRICT_PROTOTYPES = YES;
				CLANG_WARN_SUSPICIOUS_MOVE = YES;
				CLANG_WARN_UNGUARDED_AVAILABILITY = YES_AGGRESSIVE;
				CLANG_WARN_UNREACHABLE_CODE = YES;
				CLANG_WARN__DUPLICATE_METHOD_MATCH = YES;
				CODE_SIGN_IDENTITY = "iPhone Developer";
				COPY_PHASE_STRIP = NO;
				DEBUG_INFORMATION_FORMAT = "dwarf-with-dsym";
				ENABLE_NS_ASSERTIONS = NO;
				ENABLE_STRICT_OBJC_MSGSEND = YES;
				GCC_C_LANGUAGE_STANDARD = gnu11;
				GCC_NO_COMMON_BLOCKS = YES;
				GCC_WARN_64_TO_32_BIT_CONVERSION = YES;
				GCC_WARN_ABOUT_RETURN_TYPE = YES_ERROR;
				GCC_WARN_UNDECLARED_SELECTOR = YES;
				GCC_WARN_UNINITIALIZED_AUTOS = YES_AGGRESSIVE;
				GCC_WARN_UNUSED_FUNCTION = YES;
				GCC_WARN_UNUSED_VARIABLE = YES;
				IPHONEOS_DEPLOYMENT_TARGET = 11.3;
				MTL_ENABLE_DEBUG_INFO = NO;
				SDKROOT = iphoneos;
				SWIFT_COMPILATION_MODE = wholemodule;
				SWIFT_OPTIMIZATION_LEVEL = "-O";
				VALIDATE_PRODUCT = YES;
			};
			name = Release;
		};
		01BE539E20BA233F006C992F /* Debug */ = {
			isa = XCBuildConfiguration;
			buildSettings = {
				ASSETCATALOG_COMPILER_APPICON_NAME = AppIcon;
				CODE_SIGN_STYLE = Automatic;
				DEVELOPMENT_TEAM = GMKUUDGR73;
				INFOPLIST_FILE = Muse/Info.plist;
				LD_RUNPATH_SEARCH_PATHS = (
					"$(inherited)",
					"@executable_path/Frameworks",
				);
				PRODUCT_BUNDLE_IDENTIFIER = com.AdriftingUp.Muse;
				PRODUCT_NAME = "$(TARGET_NAME)";
				SWIFT_VERSION = 4.0;
				TARGETED_DEVICE_FAMILY = 1;
			};
			name = Debug;
		};
		01BE539F20BA233F006C992F /* Release */ = {
			isa = XCBuildConfiguration;
			buildSettings = {
				ASSETCATALOG_COMPILER_APPICON_NAME = AppIcon;
				CODE_SIGN_STYLE = Automatic;
				DEVELOPMENT_TEAM = GMKUUDGR73;
				INFOPLIST_FILE = Muse/Info.plist;
				LD_RUNPATH_SEARCH_PATHS = (
					"$(inherited)",
					"@executable_path/Frameworks",
				);
				PRODUCT_BUNDLE_IDENTIFIER = com.AdriftingUp.Muse;
				PRODUCT_NAME = "$(TARGET_NAME)";
				SWIFT_VERSION = 4.0;
				TARGETED_DEVICE_FAMILY = 1;
			};
			name = Release;
		};
		01BE53A120BA233F006C992F /* Debug */ = {
			isa = XCBuildConfiguration;
			buildSettings = {
				ALWAYS_EMBED_SWIFT_STANDARD_LIBRARIES = YES;
				BUNDLE_LOADER = "$(TEST_HOST)";
				CODE_SIGN_STYLE = Automatic;
				DEVELOPMENT_TEAM = GMKUUDGR73;
				INFOPLIST_FILE = MuseTests/Info.plist;
				LD_RUNPATH_SEARCH_PATHS = (
					"$(inherited)",
					"@executable_path/Frameworks",
					"@loader_path/Frameworks",
				);
				PRODUCT_BUNDLE_IDENTIFIER = com.AdriftingUp.MuseTests;
				PRODUCT_NAME = "$(TARGET_NAME)";
				SWIFT_VERSION = 4.0;
				TARGETED_DEVICE_FAMILY = "1,2";
				TEST_HOST = "$(BUILT_PRODUCTS_DIR)/Muse.app/Muse";
			};
			name = Debug;
		};
		01BE53A220BA233F006C992F /* Release */ = {
			isa = XCBuildConfiguration;
			buildSettings = {
				ALWAYS_EMBED_SWIFT_STANDARD_LIBRARIES = YES;
				BUNDLE_LOADER = "$(TEST_HOST)";
				CODE_SIGN_STYLE = Automatic;
				DEVELOPMENT_TEAM = GMKUUDGR73;
				INFOPLIST_FILE = MuseTests/Info.plist;
				LD_RUNPATH_SEARCH_PATHS = (
					"$(inherited)",
					"@executable_path/Frameworks",
					"@loader_path/Frameworks",
				);
				PRODUCT_BUNDLE_IDENTIFIER = com.AdriftingUp.MuseTests;
				PRODUCT_NAME = "$(TARGET_NAME)";
				SWIFT_VERSION = 4.0;
				TARGETED_DEVICE_FAMILY = "1,2";
				TEST_HOST = "$(BUILT_PRODUCTS_DIR)/Muse.app/Muse";
			};
			name = Release;
		};
		01BE53A420BA233F006C992F /* Debug */ = {
			isa = XCBuildConfiguration;
			buildSettings = {
				ALWAYS_EMBED_SWIFT_STANDARD_LIBRARIES = YES;
				CODE_SIGN_STYLE = Automatic;
				DEVELOPMENT_TEAM = GMKUUDGR73;
				INFOPLIST_FILE = MuseUITests/Info.plist;
				LD_RUNPATH_SEARCH_PATHS = (
					"$(inherited)",
					"@executable_path/Frameworks",
					"@loader_path/Frameworks",
				);
				PRODUCT_BUNDLE_IDENTIFIER = com.AdriftingUp.MuseUITests;
				PRODUCT_NAME = "$(TARGET_NAME)";
				SWIFT_VERSION = 4.0;
				TARGETED_DEVICE_FAMILY = "1,2";
				TEST_TARGET_NAME = Muse;
			};
			name = Debug;
		};
		01BE53A520BA233F006C992F /* Release */ = {
			isa = XCBuildConfiguration;
			buildSettings = {
				ALWAYS_EMBED_SWIFT_STANDARD_LIBRARIES = YES;
				CODE_SIGN_STYLE = Automatic;
				DEVELOPMENT_TEAM = GMKUUDGR73;
				INFOPLIST_FILE = MuseUITests/Info.plist;
				LD_RUNPATH_SEARCH_PATHS = (
					"$(inherited)",
					"@executable_path/Frameworks",
					"@loader_path/Frameworks",
				);
				PRODUCT_BUNDLE_IDENTIFIER = com.AdriftingUp.MuseUITests;
				PRODUCT_NAME = "$(TARGET_NAME)";
				SWIFT_VERSION = 4.0;
				TARGETED_DEVICE_FAMILY = "1,2";
				TEST_TARGET_NAME = Muse;
			};
			name = Release;
		};
/* End XCBuildConfiguration section */

/* Begin XCConfigurationList section */
		01BE536D20BA233D006C992F /* Build configuration list for PBXProject "Muse" */ = {
			isa = XCConfigurationList;
			buildConfigurations = (
				01BE539B20BA233F006C992F /* Debug */,
				01BE539C20BA233F006C992F /* Release */,
			);
			defaultConfigurationIsVisible = 0;
			defaultConfigurationName = Release;
		};
		01BE539D20BA233F006C992F /* Build configuration list for PBXNativeTarget "Muse" */ = {
			isa = XCConfigurationList;
			buildConfigurations = (
				01BE539E20BA233F006C992F /* Debug */,
				01BE539F20BA233F006C992F /* Release */,
			);
			defaultConfigurationIsVisible = 0;
			defaultConfigurationName = Release;
		};
		01BE53A020BA233F006C992F /* Build configuration list for PBXNativeTarget "MuseTests" */ = {
			isa = XCConfigurationList;
			buildConfigurations = (
				01BE53A120BA233F006C992F /* Debug */,
				01BE53A220BA233F006C992F /* Release */,
			);
			defaultConfigurationIsVisible = 0;
			defaultConfigurationName = Release;
		};
		01BE53A320BA233F006C992F /* Build configuration list for PBXNativeTarget "MuseUITests" */ = {
			isa = XCConfigurationList;
			buildConfigurations = (
				01BE53A420BA233F006C992F /* Debug */,
				01BE53A520BA233F006C992F /* Release */,
			);
			defaultConfigurationIsVisible = 0;
			defaultConfigurationName = Release;
		};
/* End XCConfigurationList section */

/* Begin XCVersionGroup section */
		01D1FB1920BC804C00A6C400 /* Muse.xcdatamodeld */ = {
			isa = XCVersionGroup;
			children = (
				01D1FB1A20BC804C00A6C400 /* Muse.xcdatamodel */,
			);
			currentVersion = 01D1FB1A20BC804C00A6C400 /* Muse.xcdatamodel */;
			path = Muse.xcdatamodeld;
			sourceTree = "<group>";
			versionGroupType = wrapper.xcdatamodel;
		};
/* End XCVersionGroup section */
	};
	rootObject = 01BE536A20BA233D006C992F /* Project object */;
}
